
Microsoft Visual Studio Solution File, Format Version 12.00
# Visual Studio Version 16
VisualStudioVersion = 16.0.30717.126
MinimumVisualStudioVersion = 10.0.40219.1
Project("{FAE04EC0-301F-11D3-BF4B-00C04F79EFBC}") = "RouteTest", "RouteTest\RouteTest.csproj", "{D5EE2F10-2775-4B7C-8C9B-861D59ECEB76}"
EndProject
Global
	GlobalSection(SolutionConfigurationPlatforms) = preSolution
		Debug|Any CPU = Debug|Any CPU
		Release|Any CPU = Release|Any CPU
	EndGlobalSection
	GlobalSection(ProjectConfigurationPlatforms) = postSolution
		{D5EE2F10-2775-4B7C-8C9B-861D59ECEB76}.Debug|Any CPU.ActiveCfg = Debug|Any CPU
		{D5EE2F10-2775-4B7C-8C9B-861D59ECEB76}.Debug|Any CPU.Build.0 = Debug|Any CPU
		{D5EE2F10-2775-4B7C-8C9B-861D59ECEB76}.Release|Any CPU.ActiveCfg = Release|Any CPU
		{D5EE2F10-2775-4B7C-8C9B-861D59ECEB76}.Release|Any CPU.Build.0 = Release|Any CPU
	EndGlobalSection
	GlobalSection(SolutionProperties) = preSolution
		HideSolutionNode = FALSE
	EndGlobalSection
	GlobalSection(ExtensibilityGlobals) = postSolution
		SolutionGuid = {A321E26F-5BA5-436F-8F77-78326C067D03}
	EndGlobalSection
EndGlobal
